
Microsoft Visual Studio Solution File, Format Version 12.00
# Visual Studio Version 16
VisualStudioVersion = 16.0.29806.167
MinimumVisualStudioVersion = 10.0.40219.1
Project("{9A19103F-16F7-4668-BE54-9A1E7A4F7556}") = "Loja", "Loja\Loja.csproj", "{D0733FB4-BE26-4969-B087-79AFCF99AEA9}"
EndProject
Project("{2150E333-8FDC-42A3-9474-1A3956D46DE8}") = "1-Application", "1-Application", "{75558244-D551-4D37-8C64-EFF14CFAF63C}"
EndProject
Project("{2150E333-8FDC-42A3-9474-1A3956D46DE8}") = "3-Service", "3-Service", "{F19E8B17-54E5-43A4-870C-D0587BA8C5E3}"
EndProject
Project("{2150E333-8FDC-42A3-9474-1A3956D46DE8}") = "2-Domain", "2-Domain", "{27FECDA1-EE86-4822-87EA-52178D1963AE}"
EndProject
Project("{2150E333-8FDC-42A3-9474-1A3956D46DE8}") = "4.1-Data", "4.1-Data", "{60B3D468-8077-43F8-BFB3-CAC1621CF472}"
EndProject
Project("{2150E333-8FDC-42A3-9474-1A3956D46DE8}") = "4-Infra", "4-Infra", "{24866EB4-D02B-4D76-A76F-5F84305D48AB}"
EndProject
Project("{9A19103F-16F7-4668-BE54-9A1E7A4F7556}") = "Loja.Service", "Loja.Application\Loja.Service.csproj", "{8DC0163A-E405-4A56-A9DF-482407E1D306}"
EndProject
Project("{9A19103F-16F7-4668-BE54-9A1E7A4F7556}") = "Loja.Domain", "Loja.Domain\Loja.Domain.csproj", "{F3001C40-8C5A-4FC9-AFD0-64DA5FD64F42}"
EndProject
Project("{9A19103F-16F7-4668-BE54-9A1E7A4F7556}") = "Loja.Infra.Data", "Loja.Data\Loja.Infra.Data.csproj", "{5B6411D2-AD6F-4F1D-8F1D-285EB8032A61}"
EndProject
Project("{2150E333-8FDC-42A3-9474-1A3956D46DE8}") = "4.2-CrossCutting", "4.2-CrossCutting", "{094A0800-FE27-4301-ABCF-ADD2335D26DD}"
EndProject
Project("{9A19103F-16F7-4668-BE54-9A1E7A4F7556}") = "Loja.Infra.CrossCutting", "Loja.Infra.CrossCutting\Loja.Infra.CrossCutting.csproj", "{7BF973EA-66A4-447F-8714-B64A91F48890}"
EndProject
Project("{2150E333-8FDC-42A3-9474-1A3956D46DE8}") = "4.3-Shared", "4.3-Shared", "{409789CA-0B35-4867-B471-616C16879723}"
EndProject
Project("{FAE04EC0-301F-11D3-BF4B-00C04F79EFBC}") = "Loja.Infra.Shared", "Loja.Infra.Shared\Loja.Infra.Shared.csproj", "{C2264004-4A18-4481-AD01-39CAFF1E60A6}"
EndProject
Global
	GlobalSection(SolutionConfigurationPlatforms) = preSolution
		Debug|Any CPU = Debug|Any CPU
		Release|Any CPU = Release|Any CPU
	EndGlobalSection
	GlobalSection(ProjectConfigurationPlatforms) = postSolution
		{D0733FB4-BE26-4969-B087-79AFCF99AEA9}.Debug|Any CPU.ActiveCfg = Debug|Any CPU
		{D0733FB4-BE26-4969-B087-79AFCF99AEA9}.Debug|Any CPU.Build.0 = Debug|Any CPU
		{D0733FB4-BE26-4969-B087-79AFCF99AEA9}.Release|Any CPU.ActiveCfg = Release|Any CPU
		{D0733FB4-BE26-4969-B087-79AFCF99AEA9}.Release|Any CPU.Build.0 = Release|Any CPU
		{8DC0163A-E405-4A56-A9DF-482407E1D306}.Debug|Any CPU.ActiveCfg = Debug|Any CPU
		{8DC0163A-E405-4A56-A9DF-482407E1D306}.Debug|Any CPU.Build.0 = Debug|Any CPU
		{8DC0163A-E405-4A56-A9DF-482407E1D306}.Release|Any CPU.ActiveCfg = Release|Any CPU
		{8DC0163A-E405-4A56-A9DF-482407E1D306}.Release|Any CPU.Build.0 = Release|Any CPU
		{F3001C40-8C5A-4FC9-AFD0-64DA5FD64F42}.Debug|Any CPU.ActiveCfg = Debug|Any CPU
		{F3001C40-8C5A-4FC9-AFD0-64DA5FD64F42}.Debug|Any CPU.Build.0 = Debug|Any CPU
		{F3001C40-8C5A-4FC9-AFD0-64DA5FD64F42}.Release|Any CPU.ActiveCfg = Release|Any CPU
		{F3001C40-8C5A-4FC9-AFD0-64DA5FD64F42}.Release|Any CPU.Build.0 = Release|Any CPU
		{5B6411D2-AD6F-4F1D-8F1D-285EB8032A61}.Debug|Any CPU.ActiveCfg = Debug|Any CPU
		{5B6411D2-AD6F-4F1D-8F1D-285EB8032A61}.Debug|Any CPU.Build.0 = Debug|Any CPU
		{5B6411D2-AD6F-4F1D-8F1D-285EB8032A61}.Release|Any CPU.ActiveCfg = Release|Any CPU
		{5B6411D2-AD6F-4F1D-8F1D-285EB8032A61}.Release|Any CPU.Build.0 = Release|Any CPU
		{7BF973EA-66A4-447F-8714-B64A91F48890}.Debug|Any CPU.ActiveCfg = Debug|Any CPU
		{7BF973EA-66A4-447F-8714-B64A91F48890}.Debug|Any CPU.Build.0 = Debug|Any CPU
		{7BF973EA-66A4-447F-8714-B64A91F48890}.Release|Any CPU.ActiveCfg = Release|Any CPU
		{7BF973EA-66A4-447F-8714-B64A91F48890}.Release|Any CPU.Build.0 = Release|Any CPU
		{C2264004-4A18-4481-AD01-39CAFF1E60A6}.Debug|Any CPU.ActiveCfg = Debug|Any CPU
		{C2264004-4A18-4481-AD01-39CAFF1E60A6}.Debug|Any CPU.Build.0 = Debug|Any CPU
		{C2264004-4A18-4481-AD01-39CAFF1E60A6}.Release|Any CPU.ActiveCfg = Release|Any CPU
		{C2264004-4A18-4481-AD01-39CAFF1E60A6}.Release|Any CPU.Build.0 = Release|Any CPU
	EndGlobalSection
	GlobalSection(SolutionProperties) = preSolution
		HideSolutionNode = FALSE
	EndGlobalSection
	GlobalSection(NestedProjects) = preSolution
		{D0733FB4-BE26-4969-B087-79AFCF99AEA9} = {75558244-D551-4D37-8C64-EFF14CFAF63C}
		{60B3D468-8077-43F8-BFB3-CAC1621CF472} = {24866EB4-D02B-4D76-A76F-5F84305D48AB}
		{8DC0163A-E405-4A56-A9DF-482407E1D306} = {F19E8B17-54E5-43A4-870C-D0587BA8C5E3}
		{F3001C40-8C5A-4FC9-AFD0-64DA5FD64F42} = {27FECDA1-EE86-4822-87EA-52178D1963AE}
		{5B6411D2-AD6F-4F1D-8F1D-285EB8032A61} = {60B3D468-8077-43F8-BFB3-CAC1621CF472}
		{094A0800-FE27-4301-ABCF-ADD2335D26DD} = {24866EB4-D02B-4D76-A76F-5F84305D48AB}
		{7BF973EA-66A4-447F-8714-B64A91F48890} = {094A0800-FE27-4301-ABCF-ADD2335D26DD}
		{409789CA-0B35-4867-B471-616C16879723} = {24866EB4-D02B-4D76-A76F-5F84305D48AB}
		{C2264004-4A18-4481-AD01-39CAFF1E60A6} = {409789CA-0B35-4867-B471-616C16879723}
	EndGlobalSection
	GlobalSection(ExtensibilityGlobals) = postSolution
		SolutionGuid = {FCB4A324-D5E3-424D-9BC5-04D987B0068A}
	EndGlobalSection
EndGlobal
